
Microsoft Visual Studio Solution File, Format Version 12.00
# Visual Studio 15
VisualStudioVersion = 15.0.28307.106
MinimumVisualStudioVersion = 10.0.40219.1
Project("{FAE04EC0-301F-11D3-BF4B-00C04F79EFBC}") = "ASPDemo", "ASPDemo\ASPDemo.csproj", "{3A445AE3-DE4D-42D6-A4E4-9BC4FA03B362}"
EndProject
Global
	GlobalSection(SolutionConfigurationPlatforms) = preSolution
		Debug|Any CPU = Debug|Any CPU
		Release|Any CPU = Release|Any CPU
	EndGlobalSection
	GlobalSection(ProjectConfigurationPlatforms) = postSolution
		{3A445AE3-DE4D-42D6-A4E4-9BC4FA03B362}.Debug|Any CPU.ActiveCfg = Debug|Any CPU
		{3A445AE3-DE4D-42D6-A4E4-9BC4FA03B362}.Debug|Any CPU.Build.0 = Debug|Any CPU
		{3A445AE3-DE4D-42D6-A4E4-9BC4FA03B362}.Release|Any CPU.ActiveCfg = Release|Any CPU
		{3A445AE3-DE4D-42D6-A4E4-9BC4FA03B362}.Release|Any CPU.Build.0 = Release|Any CPU
	EndGlobalSection
	GlobalSection(SolutionProperties) = preSolution
		HideSolutionNode = FALSE
	EndGlobalSection
	GlobalSection(ExtensibilityGlobals) = postSolution
		SolutionGuid = {4F955584-65B1-40AF-B1D5-772287C248E7}
	EndGlobalSection
EndGlobal
