
Microsoft Visual Studio Solution File, Format Version 12.00
# Visual Studio 15
VisualStudioVersion = 15.0.28010.2050
MinimumVisualStudioVersion = 10.0.40219.1
Project("{FAE04EC0-301F-11D3-BF4B-00C04F79EFBC}") = "DataAnnotations1", "DataAnnotations1\DataAnnotations1.csproj", "{B8874DBC-AADC-4D6D-A574-6633C96375D0}"
EndProject
Global
	GlobalSection(SolutionConfigurationPlatforms) = preSolution
		Debug|Any CPU = Debug|Any CPU
		Release|Any CPU = Release|Any CPU
	EndGlobalSection
	GlobalSection(ProjectConfigurationPlatforms) = postSolution
		{B8874DBC-AADC-4D6D-A574-6633C96375D0}.Debug|Any CPU.ActiveCfg = Debug|Any CPU
		{B8874DBC-AADC-4D6D-A574-6633C96375D0}.Debug|Any CPU.Build.0 = Debug|Any CPU
		{B8874DBC-AADC-4D6D-A574-6633C96375D0}.Release|Any CPU.ActiveCfg = Release|Any CPU
		{B8874DBC-AADC-4D6D-A574-6633C96375D0}.Release|Any CPU.Build.0 = Release|Any CPU
	EndGlobalSection
	GlobalSection(SolutionProperties) = preSolution
		HideSolutionNode = FALSE
	EndGlobalSection
	GlobalSection(ExtensibilityGlobals) = postSolution
		SolutionGuid = {2DD9193E-3DE9-44E4-BDD0-547CEC30004F}
	EndGlobalSection
EndGlobal
